
Microsoft Visual Studio Solution File, Format Version 12.00
# Visual Studio 15
VisualStudioVersion = 15.0.28010.2046
MinimumVisualStudioVersion = 10.0.40219.1
Project("{8BC9CEB8-8B4A-11D0-8D11-00A0C91BC942}") = "WeatherStation", "WeatherStation\WeatherStation.vcxproj", "{FCDB7FE8-7A0C-43DC-B476-4AB6B6DF5933}"
EndProject
Project("{8BC9CEB8-8B4A-11D0-8D11-00A0C91BC942}") = "ObserverFP", "ObserverFP\ObserverFP.vcxproj", "{357D59D1-EB21-481C-AEF2-D2CE4BEF84BB}"
EndProject
Project("{8BC9CEB8-8B4A-11D0-8D11-00A0C91BC942}") = "ObserverWithSignals", "ObserverWithSignals\ObserverWithSignals.vcxproj", "{191EF9FD-C65B-4EF5-B99A-4E1C6CA90AEC}"
EndProject
Project("{8BC9CEB8-8B4A-11D0-8D11-00A0C91BC942}") = "ObserverWithSignallingValue", "ObserverWithSignallingValue\ObserverWithSignallingValue.vcxproj", "{6310A729-E7C6-4634-B254-B647F28976B4}"
EndProject
Project("{8BC9CEB8-8B4A-11D0-8D11-00A0C91BC942}") = "WeatherStationTests", "WeatherStationTests\WeatherStationTests.vcxproj", "{0F888776-2EC7-4998-94D6-4A7549F78286}"
EndProject
Project("{8BC9CEB8-8B4A-11D0-8D11-00A0C91BC942}") = "WeatherStationDuo", "WeatherStationDuo\WeatherStationDuo.vcxproj", "{D67F69F0-2718-4635-87E0-11FEF06F2B8C}"
EndProject
Project("{8BC9CEB8-8B4A-11D0-8D11-00A0C91BC942}") = "WeatherStationDuoTests", "WeatherStationDuoTests\WeatherStationDuoTests.vcxproj", "{A51A5987-2108-4411-B763-92A9F96DF121}"
EndProject
Project("{8BC9CEB8-8B4A-11D0-8D11-00A0C91BC942}") = "WeatherStationPro", "WeatherStationPro\WeatherStationPro.vcxproj", "{2B90FEBE-65B6-41B6-BE59-71F3883593E0}"
EndProject
Global
	GlobalSection(SolutionConfigurationPlatforms) = preSolution
		Debug|x64 = Debug|x64
		Debug|x86 = Debug|x86
		Release|x64 = Release|x64
		Release|x86 = Release|x86
	EndGlobalSection
	GlobalSection(ProjectConfigurationPlatforms) = postSolution
		{FCDB7FE8-7A0C-43DC-B476-4AB6B6DF5933}.Debug|x64.ActiveCfg = Debug|x64
		{FCDB7FE8-7A0C-43DC-B476-4AB6B6DF5933}.Debug|x64.Build.0 = Debug|x64
		{FCDB7FE8-7A0C-43DC-B476-4AB6B6DF5933}.Debug|x86.ActiveCfg = Debug|Win32
		{FCDB7FE8-7A0C-43DC-B476-4AB6B6DF5933}.Debug|x86.Build.0 = Debug|Win32
		{FCDB7FE8-7A0C-43DC-B476-4AB6B6DF5933}.Release|x64.ActiveCfg = Release|x64
		{FCDB7FE8-7A0C-43DC-B476-4AB6B6DF5933}.Release|x64.Build.0 = Release|x64
		{FCDB7FE8-7A0C-43DC-B476-4AB6B6DF5933}.Release|x86.ActiveCfg = Release|Win32
		{FCDB7FE8-7A0C-43DC-B476-4AB6B6DF5933}.Release|x86.Build.0 = Release|Win32
		{357D59D1-EB21-481C-AEF2-D2CE4BEF84BB}.Debug|x64.ActiveCfg = Debug|x64
		{357D59D1-EB21-481C-AEF2-D2CE4BEF84BB}.Debug|x64.Build.0 = Debug|x64
		{357D59D1-EB21-481C-AEF2-D2CE4BEF84BB}.Debug|x86.ActiveCfg = Debug|Win32
		{357D59D1-EB21-481C-AEF2-D2CE4BEF84BB}.Debug|x86.Build.0 = Debug|Win32
		{357D59D1-EB21-481C-AEF2-D2CE4BEF84BB}.Release|x64.ActiveCfg = Release|x64
		{357D59D1-EB21-481C-AEF2-D2CE4BEF84BB}.Release|x64.Build.0 = Release|x64
		{357D59D1-EB21-481C-AEF2-D2CE4BEF84BB}.Release|x86.ActiveCfg = Release|Win32
		{357D59D1-EB21-481C-AEF2-D2CE4BEF84BB}.Release|x86.Build.0 = Release|Win32
		{191EF9FD-C65B-4EF5-B99A-4E1C6CA90AEC}.Debug|x64.ActiveCfg = Debug|x64
		{191EF9FD-C65B-4EF5-B99A-4E1C6CA90AEC}.Debug|x64.Build.0 = Debug|x64
		{191EF9FD-C65B-4EF5-B99A-4E1C6CA90AEC}.Debug|x86.ActiveCfg = Debug|Win32
		{191EF9FD-C65B-4EF5-B99A-4E1C6CA90AEC}.Debug|x86.Build.0 = Debug|Win32
		{191EF9FD-C65B-4EF5-B99A-4E1C6CA90AEC}.Release|x64.ActiveCfg = Release|x64
		{191EF9FD-C65B-4EF5-B99A-4E1C6CA90AEC}.Release|x64.Build.0 = Release|x64
		{191EF9FD-C65B-4EF5-B99A-4E1C6CA90AEC}.Release|x86.ActiveCfg = Release|Win32
		{191EF9FD-C65B-4EF5-B99A-4E1C6CA90AEC}.Release|x86.Build.0 = Release|Win32
		{6310A729-E7C6-4634-B254-B647F28976B4}.Debug|x64.ActiveCfg = Debug|x64
		{6310A729-E7C6-4634-B254-B647F28976B4}.Debug|x64.Build.0 = Debug|x64
		{6310A729-E7C6-4634-B254-B647F28976B4}.Debug|x86.ActiveCfg = Debug|Win32
		{6310A729-E7C6-4634-B254-B647F28976B4}.Debug|x86.Build.0 = Debug|Win32
		{6310A729-E7C6-4634-B254-B647F28976B4}.Release|x64.ActiveCfg = Release|x64
		{6310A729-E7C6-4634-B254-B647F28976B4}.Release|x64.Build.0 = Release|x64
		{6310A729-E7C6-4634-B254-B647F28976B4}.Release|x86.ActiveCfg = Release|Win32
		{6310A729-E7C6-4634-B254-B647F28976B4}.Release|x86.Build.0 = Release|Win32
		{0F888776-2EC7-4998-94D6-4A7549F78286}.Debug|x64.ActiveCfg = Debug|x64
		{0F888776-2EC7-4998-94D6-4A7549F78286}.Debug|x64.Build.0 = Debug|x64
		{0F888776-2EC7-4998-94D6-4A7549F78286}.Debug|x86.ActiveCfg = Debug|Win32
		{0F888776-2EC7-4998-94D6-4A7549F78286}.Debug|x86.Build.0 = Debug|Win32
		{0F888776-2EC7-4998-94D6-4A7549F78286}.Release|x64.ActiveCfg = Release|x64
		{0F888776-2EC7-4998-94D6-4A7549F78286}.Release|x64.Build.0 = Release|x64
		{0F888776-2EC7-4998-94D6-4A7549F78286}.Release|x86.ActiveCfg = Release|Win32
		{0F888776-2EC7-4998-94D6-4A7549F78286}.Release|x86.Build.0 = Release|Win32
		{D67F69F0-2718-4635-87E0-11FEF06F2B8C}.Debug|x64.ActiveCfg = Debug|x64
		{D67F69F0-2718-4635-87E0-11FEF06F2B8C}.Debug|x64.Build.0 = Debug|x64
		{D67F69F0-2718-4635-87E0-11FEF06F2B8C}.Debug|x86.ActiveCfg = Debug|Win32
		{D67F69F0-2718-4635-87E0-11FEF06F2B8C}.Debug|x86.Build.0 = Debug|Win32
		{D67F69F0-2718-4635-87E0-11FEF06F2B8C}.Release|x64.ActiveCfg = Release|x64
		{D67F69F0-2718-4635-87E0-11FEF06F2B8C}.Release|x64.Build.0 = Release|x64
		{D67F69F0-2718-4635-87E0-11FEF06F2B8C}.Release|x86.ActiveCfg = Release|Win32
		{D67F69F0-2718-4635-87E0-11FEF06F2B8C}.Release|x86.Build.0 = Release|Win32
		{A51A5987-2108-4411-B763-92A9F96DF121}.Debug|x64.ActiveCfg = Debug|x64
		{A51A5987-2108-4411-B763-92A9F96DF121}.Debug|x64.Build.0 = Debug|x64
		{A51A5987-2108-4411-B763-92A9F96DF121}.Debug|x86.ActiveCfg = Debug|Win32
		{A51A5987-2108-4411-B763-92A9F96DF121}.Debug|x86.Build.0 = Debug|Win32
		{A51A5987-2108-4411-B763-92A9F96DF121}.Release|x64.ActiveCfg = Release|x64
		{A51A5987-2108-4411-B763-92A9F96DF121}.Release|x64.Build.0 = Release|x64
		{A51A5987-2108-4411-B763-92A9F96DF121}.Release|x86.ActiveCfg = Release|Win32
		{A51A5987-2108-4411-B763-92A9F96DF121}.Release|x86.Build.0 = Release|Win32
		{2B90FEBE-65B6-41B6-BE59-71F3883593E0}.Debug|x64.ActiveCfg = Debug|x64
		{2B90FEBE-65B6-41B6-BE59-71F3883593E0}.Debug|x64.Build.0 = Debug|x64
		{2B90FEBE-65B6-41B6-BE59-71F3883593E0}.Debug|x86.ActiveCfg = Debug|Win32
		{2B90FEBE-65B6-41B6-BE59-71F3883593E0}.Debug|x86.Build.0 = Debug|Win32
		{2B90FEBE-65B6-41B6-BE59-71F3883593E0}.Release|x64.ActiveCfg = Release|x64
		{2B90FEBE-65B6-41B6-BE59-71F3883593E0}.Release|x64.Build.0 = Release|x64
		{2B90FEBE-65B6-41B6-BE59-71F3883593E0}.Release|x86.ActiveCfg = Release|Win32
		{2B90FEBE-65B6-41B6-BE59-71F3883593E0}.Release|x86.Build.0 = Release|Win32
	EndGlobalSection
	GlobalSection(SolutionProperties) = preSolution
		HideSolutionNode = FALSE
	EndGlobalSection
	GlobalSection(ExtensibilityGlobals) = postSolution
		SolutionGuid = {DFE95794-F35D-4833-9C5B-A40C7D5277C8}
	EndGlobalSection
EndGlobal
