<?xml version="1.0" encoding="utf-8"?>
<Project ToolsVersion="4.0" xmlns="http://schemas.microsoft.com/developer/msbuild/2003">
  <ItemGroup>
    <Filter Include="Source Files">
      <UniqueIdentifier>{4FC737F1-C7A5-4376-A066-2A32D752A2FF}</UniqueIdentifier>
      <Extensions>cpp;c;cc;cxx;def;odl;idl;hpj;bat;asm;asmx</Extensions>
    </Filter>
    <Filter Include="Header Files">
      <UniqueIdentifier>{93995380-89BD-4b04-88EB-625FBE52EBFB}</UniqueIdentifier>
      <Extensions>h;hh;hpp;hxx;hm;inl;inc;ipp;xsd</Extensions>
    </Filter>
    <Filter Include="Resource Files">
      <UniqueIdentifier>{67DA6AB6-F800-4c08-8B7A-83BB121AAD01}</UniqueIdentifier>
      <Extensions>rc;ico;cur;bmp;dlg;rc2;rct;bin;rgs;gif;jpg;jpeg;jpe;resx;tiff;tif;png;wav;mfcribbon-ms</Extensions>
    </Filter>
    <Filter Include="Source Files\GumballMashineWithStateTests">
      <UniqueIdentifier>{9a296297-cb98-41b0-9157-933815df965a}</UniqueIdentifier>
    </Filter>
    <Filter Include="Source Files\MultiGumballMachineTests">
      <UniqueIdentifier>{3ad20a23-55c9-43e7-a80b-9f03caf82982}</UniqueIdentifier>
    </Filter>
    <Filter Include="Source Files\MultiNaiveGumballMachineTests">
      <UniqueIdentifier>{eb84da8d-545f-4847-9dae-53ab7a08dd4f}</UniqueIdentifier>
    </Filter>
  </ItemGroup>
  <ItemGroup>
    <ClInclude Include="pch.h">
      <Filter>Header Files</Filter>
    </ClInclude>
    <ClInclude Include="MultiMachineState.h">
      <Filter>Source Files\MultiGumballMachineTests</Filter>
    </ClInclude>
  </ItemGroup>
  <ItemGroup>
    <ClCompile Include="pch.cpp">
      <Filter>Source Files</Filter>
    </ClCompile>
    <ClCompile Include="main.cpp">
      <Filter>Source Files</Filter>
    </ClCompile>
    <ClCompile Include="gumball_machine_tests.cpp">
      <Filter>Source Files</Filter>
    </ClCompile>
    <ClCompile Include="CHasQuarterStateGumballMachineTests.cpp">
      <Filter>Source Files\GumballMashineWithStateTests</Filter>
    </ClCompile>
    <ClCompile Include="CSoldOutStateGumballMachineTests.cpp">
      <Filter>Source Files\GumballMashineWithStateTests</Filter>
    </ClCompile>
    <ClCompile Include="CSoldStateGumballMachineTests.cpp">
      <Filter>Source Files\GumballMashineWithStateTests</Filter>
    </ClCompile>
    <ClCompile Include="CNoQuarterStateGumballMachineTests.cpp">
      <Filter>Source Files\GumballMashineWithStateTests</Filter>
    </ClCompile>
    <ClCompile Include="GumBallMachineWithStateTests.cpp">
      <Filter>Source Files\GumballMashineWithStateTests</Filter>
    </ClCompile>
    <ClCompile Include="MultiGumBallMachineTests.cpp">
      <Filter>Source Files\MultiGumballMachineTests</Filter>
    </ClCompile>
    <ClCompile Include="CSoldStateMultiGumballMachineTests.cpp">
      <Filter>Source Files\MultiGumballMachineTests</Filter>
    </ClCompile>
    <ClCompile Include="CSoldOutStateMultiGumballMachineTests.cpp">
      <Filter>Source Files\MultiGumballMachineTests</Filter>
    </ClCompile>
    <ClCompile Include="CNoQuarterStateMultiGumballMachineTests.cpp">
      <Filter>Source Files\MultiGumballMachineTests</Filter>
    </ClCompile>
    <ClCompile Include="CHasQuarterStateMultiGumballMachineTests.cpp">
      <Filter>Source Files\MultiGumballMachineTests</Filter>
    </ClCompile>
    <ClCompile Include="CSoldStateMultiNaiveGumballMachineTests.cpp">
      <Filter>Source Files\MultiNaiveGumballMachineTests</Filter>
    </ClCompile>
    <ClCompile Include="MultiNaiveGumBallMachineTests.cpp">
      <Filter>Source Files\MultiNaiveGumballMachineTests</Filter>
    </ClCompile>
    <ClCompile Include="MachineState.h">
      <Filter>Source Files\GumballMashineWithStateTests</Filter>
    </ClCompile>
  </ItemGroup>
</Project>