<?xml version="1.0" encoding="utf-8"?>
<Project ToolsVersion="4.0" xmlns="http://schemas.microsoft.com/developer/msbuild/2003">
  <ItemGroup>
    <Filter Include="Source Files">
      <UniqueIdentifier>{4FC737F1-C7A5-4376-A066-2A32D752A2FF}</UniqueIdentifier>
      <Extensions>cpp;c;cc;cxx;def;odl;idl;hpj;bat;asm;asmx</Extensions>
    </Filter>
    <Filter Include="Header Files">
      <UniqueIdentifier>{93995380-89BD-4b04-88EB-625FBE52EBFB}</UniqueIdentifier>
      <Extensions>h;hh;hpp;hxx;hm;inl;inc;ipp;xsd</Extensions>
    </Filter>
    <Filter Include="Resource Files">
      <UniqueIdentifier>{67DA6AB6-F800-4c08-8B7A-83BB121AAD01}</UniqueIdentifier>
      <Extensions>rc;ico;cur;bmp;dlg;rc2;rct;bin;rgs;gif;jpg;jpeg;jpe;resx;tiff;tif;png;wav;mfcribbon-ms</Extensions>
    </Filter>
  </ItemGroup>
  <ItemGroup>
    <ClInclude Include="pch.h">
      <Filter>Header Files</Filter>
    </ClInclude>
    <ClInclude Include="..\ISpringWord\ChangeStringCommand.h">
      <Filter>Header Files</Filter>
    </ClInclude>
    <ClInclude Include="..\ISpringWord\AbstractCommand.h">
      <Filter>Header Files</Filter>
    </ClInclude>
    <ClInclude Include="..\ISpringWord\ICommand_fwd.h">
      <Filter>Header Files</Filter>
    </ClInclude>
    <ClInclude Include="..\ISpringWord\AddImageCommand.h">
      <Filter>Header Files</Filter>
    </ClInclude>
    <ClInclude Include="..\ISpringWord\AddParagraphCommand.h">
      <Filter>Header Files</Filter>
    </ClInclude>
    <ClInclude Include="..\ISpringWord\ConstDocumentItem.h">
      <Filter>Header Files</Filter>
    </ClInclude>
    <ClInclude Include="..\ISpringWord\DeleteCommand.h">
      <Filter>Header Files</Filter>
    </ClInclude>
    <ClInclude Include="..\ISpringWord\Document.h">
      <Filter>Header Files</Filter>
    </ClInclude>
    <ClInclude Include="..\ISpringWord\DocumentItem.h">
      <Filter>Header Files</Filter>
    </ClInclude>
    <ClInclude Include="..\ISpringWord\History.h">
      <Filter>Header Files</Filter>
    </ClInclude>
    <ClInclude Include="..\ISpringWord\ICommand.h">
      <Filter>Header Files</Filter>
    </ClInclude>
    <ClInclude Include="..\ISpringWord\ICommandHistory.h">
      <Filter>Header Files</Filter>
    </ClInclude>
    <ClInclude Include="..\ISpringWord\IDocument.h">
      <Filter>Header Files</Filter>
    </ClInclude>
    <ClInclude Include="..\ISpringWord\IImage.h">
      <Filter>Header Files</Filter>
    </ClInclude>
    <ClInclude Include="..\ISpringWord\Image.h">
      <Filter>Header Files</Filter>
    </ClInclude>
    <ClInclude Include="..\ISpringWord\ImageImpl.h">
      <Filter>Header Files</Filter>
    </ClInclude>
    <ClInclude Include="..\ISpringWord\IParagraph.h">
      <Filter>Header Files</Filter>
    </ClInclude>
    <ClInclude Include="..\ISpringWord\Menu.h">
      <Filter>Header Files</Filter>
    </ClInclude>
    <ClInclude Include="..\ISpringWord\Paragraph.h">
      <Filter>Header Files</Filter>
    </ClInclude>
    <ClInclude Include="..\ISpringWord\ParagraphImpl.h">
      <Filter>Header Files</Filter>
    </ClInclude>
    <ClInclude Include="..\ISpringWord\ResizeImageCommand.h">
      <Filter>Header Files</Filter>
    </ClInclude>
    <ClInclude Include="..\ISpringWord\SaveCommand.h">
      <Filter>Header Files</Filter>
    </ClInclude>
    <ClInclude Include="..\ISpringWord\TextAndImageEditor.h">
      <Filter>Header Files</Filter>
    </ClInclude>
    <ClInclude Include="ConstPath.h">
      <Filter>Header Files</Filter>
    </ClInclude>
  </ItemGroup>
  <ItemGroup>
    <ClCompile Include="pch.cpp">
      <Filter>Source Files</Filter>
    </ClCompile>
    <ClCompile Include="main.cpp">
      <Filter>Source Files</Filter>
    </ClCompile>
    <ClCompile Include="ChangeStringCommandTests.cpp">
      <Filter>Source Files</Filter>
    </ClCompile>
    <ClCompile Include="..\ISpringWord\ChangeStringCommand.cpp">
      <Filter>Source Files</Filter>
    </ClCompile>
    <ClCompile Include="..\ISpringWord\AbstractCommand.cpp">
      <Filter>Source Files</Filter>
    </ClCompile>
    <ClCompile Include="..\ISpringWord\ConstDocumentItem.cpp">
      <Filter>Source Files</Filter>
    </ClCompile>
    <ClCompile Include="..\ISpringWord\DeleteCommand.cpp">
      <Filter>Source Files</Filter>
    </ClCompile>
    <ClCompile Include="..\ISpringWord\Document.cpp">
      <Filter>Source Files</Filter>
    </ClCompile>
    <ClCompile Include="..\ISpringWord\DocumentItem.cpp">
      <Filter>Source Files</Filter>
    </ClCompile>
    <ClCompile Include="..\ISpringWord\History.cpp">
      <Filter>Source Files</Filter>
    </ClCompile>
    <ClCompile Include="..\ISpringWord\Image.cpp">
      <Filter>Source Files</Filter>
    </ClCompile>
    <ClCompile Include="..\ISpringWord\ImageImpl.cpp">
      <Filter>Source Files</Filter>
    </ClCompile>
    <ClCompile Include="..\ISpringWord\Menu.cpp">
      <Filter>Source Files</Filter>
    </ClCompile>
    <ClCompile Include="..\ISpringWord\Paragraph.cpp">
      <Filter>Source Files</Filter>
    </ClCompile>
    <ClCompile Include="..\ISpringWord\ParagraphImpl.cpp">
      <Filter>Source Files</Filter>
    </ClCompile>
    <ClCompile Include="..\ISpringWord\ResizeImageCommand.cpp">
      <Filter>Source Files</Filter>
    </ClCompile>
    <ClCompile Include="..\ISpringWord\SaveCommand.cpp">
      <Filter>Source Files</Filter>
    </ClCompile>
    <ClCompile Include="..\ISpringWord\TextAndImageEditor.cpp">
      <Filter>Source Files</Filter>
    </ClCompile>
    <ClCompile Include="..\ISpringWord\AddImageCommand.cpp">
      <Filter>Source Files</Filter>
    </ClCompile>
    <ClCompile Include="..\ISpringWord\AddParagraphCommand.cpp">
      <Filter>Source Files</Filter>
    </ClCompile>
    <ClCompile Include="DeleteCommandTests.cpp">
      <Filter>Source Files</Filter>
    </ClCompile>
    <ClCompile Include="DocumentTests.cpp">
      <Filter>Source Files</Filter>
    </ClCompile>
    <ClCompile Include="ResizeImageCommandTests.cpp">
      <Filter>Source Files</Filter>
    </ClCompile>
    <ClCompile Include="ParagraphTests.cpp">
      <Filter>Source Files</Filter>
    </ClCompile>
    <ClCompile Include="ImageTest.cpp">
      <Filter>Source Files</Filter>
    </ClCompile>
    <ClCompile Include="HistoryTests.cpp">
      <Filter>Source Files</Filter>
    </ClCompile>
    <ClCompile Include="AddImageCommandTest.cpp">
      <Filter>Source Files</Filter>
    </ClCompile>
    <ClCompile Include="AddParagraphCommandTests.cpp">
      <Filter>Source Files</Filter>
    </ClCompile>
  </ItemGroup>
</Project>